
Microsoft Visual Studio Solution File, Format Version 12.00
# Visual Studio 15
VisualStudioVersion = 15.0.27428.2005
MinimumVisualStudioVersion = 10.0.40219.1
Project("{9A19103F-16F7-4668-BE54-9A1E7A4F7556}") = "Simple.Xamarin.Framework", "Simple.Xamarin.Framework\Simple.Xamarin.Framework.csproj", "{37304968-7014-4D6B-AB71-B7C48DCBA2A5}"
EndProject
Project("{9A19103F-16F7-4668-BE54-9A1E7A4F7556}") = "Simple.Xamarin.Framework.core", "Simple.Xamarin.Framework.core\Simple.Xamarin.Framework.core.csproj", "{6228977F-8385-4BB8-A5DB-FC788AC6C552}"
EndProject
Project("{FAE04EC0-301F-11D3-BF4B-00C04F79EFBC}") = "SXF.sample.Android", "SXF.sample\SXF.sample.Android\SXF.sample.Android.csproj", "{A3931D34-E73B-4B18-AD1D-EDF001206D88}"
EndProject
Project("{FAE04EC0-301F-11D3-BF4B-00C04F79EFBC}") = "SXF.sample.iOS", "SXF.sample\SXF.sample.iOS\SXF.sample.iOS.csproj", "{943A7163-AB5C-4ADC-8DA6-77DCA1B7BAA2}"
EndProject
Project("{FAE04EC0-301F-11D3-BF4B-00C04F79EFBC}") = "SXF.sample", "SXF.sample\SXF.sample\SXF.sample.csproj", "{D8A10765-0CDD-44CC-915E-3B45A656CE11}"
EndProject
Global
	GlobalSection(SolutionConfigurationPlatforms) = preSolution
		Ad-Hoc|Any CPU = Ad-Hoc|Any CPU
		Ad-Hoc|iPhone = Ad-Hoc|iPhone
		Ad-Hoc|iPhoneSimulator = Ad-Hoc|iPhoneSimulator
		AppStore|Any CPU = AppStore|Any CPU
		AppStore|iPhone = AppStore|iPhone
		AppStore|iPhoneSimulator = AppStore|iPhoneSimulator
		Debug|Any CPU = Debug|Any CPU
		Debug|iPhone = Debug|iPhone
		Debug|iPhoneSimulator = Debug|iPhoneSimulator
		Release|Any CPU = Release|Any CPU
		Release|iPhone = Release|iPhone
		Release|iPhoneSimulator = Release|iPhoneSimulator
	EndGlobalSection
	GlobalSection(ProjectConfigurationPlatforms) = postSolution
		{37304968-7014-4D6B-AB71-B7C48DCBA2A5}.Ad-Hoc|Any CPU.ActiveCfg = Release|Any CPU
		{37304968-7014-4D6B-AB71-B7C48DCBA2A5}.Ad-Hoc|Any CPU.Build.0 = Release|Any CPU
		{37304968-7014-4D6B-AB71-B7C48DCBA2A5}.Ad-Hoc|iPhone.ActiveCfg = Release|Any CPU
		{37304968-7014-4D6B-AB71-B7C48DCBA2A5}.Ad-Hoc|iPhone.Build.0 = Release|Any CPU
		{37304968-7014-4D6B-AB71-B7C48DCBA2A5}.Ad-Hoc|iPhoneSimulator.ActiveCfg = Release|Any CPU
		{37304968-7014-4D6B-AB71-B7C48DCBA2A5}.Ad-Hoc|iPhoneSimulator.Build.0 = Release|Any CPU
		{37304968-7014-4D6B-AB71-B7C48DCBA2A5}.AppStore|Any CPU.ActiveCfg = Release|Any CPU
		{37304968-7014-4D6B-AB71-B7C48DCBA2A5}.AppStore|Any CPU.Build.0 = Release|Any CPU
		{37304968-7014-4D6B-AB71-B7C48DCBA2A5}.AppStore|iPhone.ActiveCfg = Release|Any CPU
		{37304968-7014-4D6B-AB71-B7C48DCBA2A5}.AppStore|iPhone.Build.0 = Release|Any CPU
		{37304968-7014-4D6B-AB71-B7C48DCBA2A5}.AppStore|iPhoneSimulator.ActiveCfg = Release|Any CPU
		{37304968-7014-4D6B-AB71-B7C48DCBA2A5}.AppStore|iPhoneSimulator.Build.0 = Release|Any CPU
		{37304968-7014-4D6B-AB71-B7C48DCBA2A5}.Debug|Any CPU.ActiveCfg = Debug|Any CPU
		{37304968-7014-4D6B-AB71-B7C48DCBA2A5}.Debug|Any CPU.Build.0 = Debug|Any CPU
		{37304968-7014-4D6B-AB71-B7C48DCBA2A5}.Debug|iPhone.ActiveCfg = Debug|Any CPU
		{37304968-7014-4D6B-AB71-B7C48DCBA2A5}.Debug|iPhone.Build.0 = Debug|Any CPU
		{37304968-7014-4D6B-AB71-B7C48DCBA2A5}.Debug|iPhoneSimulator.ActiveCfg = Debug|Any CPU
		{37304968-7014-4D6B-AB71-B7C48DCBA2A5}.Debug|iPhoneSimulator.Build.0 = Debug|Any CPU
		{37304968-7014-4D6B-AB71-B7C48DCBA2A5}.Release|Any CPU.ActiveCfg = Release|Any CPU
		{37304968-7014-4D6B-AB71-B7C48DCBA2A5}.Release|Any CPU.Build.0 = Release|Any CPU
		{37304968-7014-4D6B-AB71-B7C48DCBA2A5}.Release|iPhone.ActiveCfg = Release|Any CPU
		{37304968-7014-4D6B-AB71-B7C48DCBA2A5}.Release|iPhone.Build.0 = Release|Any CPU
		{37304968-7014-4D6B-AB71-B7C48DCBA2A5}.Release|iPhoneSimulator.ActiveCfg = Release|Any CPU
		{37304968-7014-4D6B-AB71-B7C48DCBA2A5}.Release|iPhoneSimulator.Build.0 = Release|Any CPU
		{6228977F-8385-4BB8-A5DB-FC788AC6C552}.Ad-Hoc|Any CPU.ActiveCfg = Release|Any CPU
		{6228977F-8385-4BB8-A5DB-FC788AC6C552}.Ad-Hoc|Any CPU.Build.0 = Release|Any CPU
		{6228977F-8385-4BB8-A5DB-FC788AC6C552}.Ad-Hoc|iPhone.ActiveCfg = Release|Any CPU
		{6228977F-8385-4BB8-A5DB-FC788AC6C552}.Ad-Hoc|iPhone.Build.0 = Release|Any CPU
		{6228977F-8385-4BB8-A5DB-FC788AC6C552}.Ad-Hoc|iPhoneSimulator.ActiveCfg = Release|Any CPU
		{6228977F-8385-4BB8-A5DB-FC788AC6C552}.Ad-Hoc|iPhoneSimulator.Build.0 = Release|Any CPU
		{6228977F-8385-4BB8-A5DB-FC788AC6C552}.AppStore|Any CPU.ActiveCfg = Release|Any CPU
		{6228977F-8385-4BB8-A5DB-FC788AC6C552}.AppStore|Any CPU.Build.0 = Release|Any CPU
		{6228977F-8385-4BB8-A5DB-FC788AC6C552}.AppStore|iPhone.ActiveCfg = Release|Any CPU
		{6228977F-8385-4BB8-A5DB-FC788AC6C552}.AppStore|iPhone.Build.0 = Release|Any CPU
		{6228977F-8385-4BB8-A5DB-FC788AC6C552}.AppStore|iPhoneSimulator.ActiveCfg = Release|Any CPU
		{6228977F-8385-4BB8-A5DB-FC788AC6C552}.AppStore|iPhoneSimulator.Build.0 = Release|Any CPU
		{6228977F-8385-4BB8-A5DB-FC788AC6C552}.Debug|Any CPU.ActiveCfg = Debug|Any CPU
		{6228977F-8385-4BB8-A5DB-FC788AC6C552}.Debug|Any CPU.Build.0 = Debug|Any CPU
		{6228977F-8385-4BB8-A5DB-FC788AC6C552}.Debug|iPhone.ActiveCfg = Debug|Any CPU
		{6228977F-8385-4BB8-A5DB-FC788AC6C552}.Debug|iPhone.Build.0 = Debug|Any CPU
		{6228977F-8385-4BB8-A5DB-FC788AC6C552}.Debug|iPhoneSimulator.ActiveCfg = Debug|Any CPU
		{6228977F-8385-4BB8-A5DB-FC788AC6C552}.Debug|iPhoneSimulator.Build.0 = Debug|Any CPU
		{6228977F-8385-4BB8-A5DB-FC788AC6C552}.Release|Any CPU.ActiveCfg = Release|Any CPU
		{6228977F-8385-4BB8-A5DB-FC788AC6C552}.Release|Any CPU.Build.0 = Release|Any CPU
		{6228977F-8385-4BB8-A5DB-FC788AC6C552}.Release|iPhone.ActiveCfg = Release|Any CPU
		{6228977F-8385-4BB8-A5DB-FC788AC6C552}.Release|iPhone.Build.0 = Release|Any CPU
		{6228977F-8385-4BB8-A5DB-FC788AC6C552}.Release|iPhoneSimulator.ActiveCfg = Release|Any CPU
		{6228977F-8385-4BB8-A5DB-FC788AC6C552}.Release|iPhoneSimulator.Build.0 = Release|Any CPU
		{A3931D34-E73B-4B18-AD1D-EDF001206D88}.Ad-Hoc|Any CPU.ActiveCfg = Release|Any CPU
		{A3931D34-E73B-4B18-AD1D-EDF001206D88}.Ad-Hoc|Any CPU.Build.0 = Release|Any CPU
		{A3931D34-E73B-4B18-AD1D-EDF001206D88}.Ad-Hoc|Any CPU.Deploy.0 = Release|Any CPU
		{A3931D34-E73B-4B18-AD1D-EDF001206D88}.Ad-Hoc|iPhone.ActiveCfg = Release|Any CPU
		{A3931D34-E73B-4B18-AD1D-EDF001206D88}.Ad-Hoc|iPhone.Build.0 = Release|Any CPU
		{A3931D34-E73B-4B18-AD1D-EDF001206D88}.Ad-Hoc|iPhone.Deploy.0 = Release|Any CPU
		{A3931D34-E73B-4B18-AD1D-EDF001206D88}.Ad-Hoc|iPhoneSimulator.ActiveCfg = Release|Any CPU
		{A3931D34-E73B-4B18-AD1D-EDF001206D88}.Ad-Hoc|iPhoneSimulator.Build.0 = Release|Any CPU
		{A3931D34-E73B-4B18-AD1D-EDF001206D88}.Ad-Hoc|iPhoneSimulator.Deploy.0 = Release|Any CPU
		{A3931D34-E73B-4B18-AD1D-EDF001206D88}.AppStore|Any CPU.ActiveCfg = Release|Any CPU
		{A3931D34-E73B-4B18-AD1D-EDF001206D88}.AppStore|Any CPU.Build.0 = Release|Any CPU
		{A3931D34-E73B-4B18-AD1D-EDF001206D88}.AppStore|Any CPU.Deploy.0 = Release|Any CPU
		{A3931D34-E73B-4B18-AD1D-EDF001206D88}.AppStore|iPhone.ActiveCfg = Release|Any CPU
		{A3931D34-E73B-4B18-AD1D-EDF001206D88}.AppStore|iPhone.Build.0 = Release|Any CPU
		{A3931D34-E73B-4B18-AD1D-EDF001206D88}.AppStore|iPhone.Deploy.0 = Release|Any CPU
		{A3931D34-E73B-4B18-AD1D-EDF001206D88}.AppStore|iPhoneSimulator.ActiveCfg = Release|Any CPU
		{A3931D34-E73B-4B18-AD1D-EDF001206D88}.AppStore|iPhoneSimulator.Build.0 = Release|Any CPU
		{A3931D34-E73B-4B18-AD1D-EDF001206D88}.AppStore|iPhoneSimulator.Deploy.0 = Release|Any CPU
		{A3931D34-E73B-4B18-AD1D-EDF001206D88}.Debug|Any CPU.ActiveCfg = Debug|Any CPU
		{A3931D34-E73B-4B18-AD1D-EDF001206D88}.Debug|Any CPU.Build.0 = Debug|Any CPU
		{A3931D34-E73B-4B18-AD1D-EDF001206D88}.Debug|Any CPU.Deploy.0 = Debug|Any CPU
		{A3931D34-E73B-4B18-AD1D-EDF001206D88}.Debug|iPhone.ActiveCfg = Debug|Any CPU
		{A3931D34-E73B-4B18-AD1D-EDF001206D88}.Debug|iPhone.Build.0 = Debug|Any CPU
		{A3931D34-E73B-4B18-AD1D-EDF001206D88}.Debug|iPhone.Deploy.0 = Debug|Any CPU
		{A3931D34-E73B-4B18-AD1D-EDF001206D88}.Debug|iPhoneSimulator.ActiveCfg = Debug|Any CPU
		{A3931D34-E73B-4B18-AD1D-EDF001206D88}.Debug|iPhoneSimulator.Build.0 = Debug|Any CPU
		{A3931D34-E73B-4B18-AD1D-EDF001206D88}.Debug|iPhoneSimulator.Deploy.0 = Debug|Any CPU
		{A3931D34-E73B-4B18-AD1D-EDF001206D88}.Release|Any CPU.ActiveCfg = Release|Any CPU
		{A3931D34-E73B-4B18-AD1D-EDF001206D88}.Release|Any CPU.Build.0 = Release|Any CPU
		{A3931D34-E73B-4B18-AD1D-EDF001206D88}.Release|Any CPU.Deploy.0 = Release|Any CPU
		{A3931D34-E73B-4B18-AD1D-EDF001206D88}.Release|iPhone.ActiveCfg = Release|Any CPU
		{A3931D34-E73B-4B18-AD1D-EDF001206D88}.Release|iPhone.Build.0 = Release|Any CPU
		{A3931D34-E73B-4B18-AD1D-EDF001206D88}.Release|iPhone.Deploy.0 = Release|Any CPU
		{A3931D34-E73B-4B18-AD1D-EDF001206D88}.Release|iPhoneSimulator.ActiveCfg = Release|Any CPU
		{A3931D34-E73B-4B18-AD1D-EDF001206D88}.Release|iPhoneSimulator.Build.0 = Release|Any CPU
		{A3931D34-E73B-4B18-AD1D-EDF001206D88}.Release|iPhoneSimulator.Deploy.0 = Release|Any CPU
		{943A7163-AB5C-4ADC-8DA6-77DCA1B7BAA2}.Ad-Hoc|Any CPU.ActiveCfg = Ad-Hoc|iPhone
		{943A7163-AB5C-4ADC-8DA6-77DCA1B7BAA2}.Ad-Hoc|iPhone.ActiveCfg = Ad-Hoc|iPhone
		{943A7163-AB5C-4ADC-8DA6-77DCA1B7BAA2}.Ad-Hoc|iPhone.Build.0 = Ad-Hoc|iPhone
		{943A7163-AB5C-4ADC-8DA6-77DCA1B7BAA2}.Ad-Hoc|iPhoneSimulator.ActiveCfg = Ad-Hoc|iPhoneSimulator
		{943A7163-AB5C-4ADC-8DA6-77DCA1B7BAA2}.Ad-Hoc|iPhoneSimulator.Build.0 = Ad-Hoc|iPhoneSimulator
		{943A7163-AB5C-4ADC-8DA6-77DCA1B7BAA2}.AppStore|Any CPU.ActiveCfg = AppStore|iPhone
		{943A7163-AB5C-4ADC-8DA6-77DCA1B7BAA2}.AppStore|iPhone.ActiveCfg = AppStore|iPhone
		{943A7163-AB5C-4ADC-8DA6-77DCA1B7BAA2}.AppStore|iPhone.Build.0 = AppStore|iPhone
		{943A7163-AB5C-4ADC-8DA6-77DCA1B7BAA2}.AppStore|iPhoneSimulator.ActiveCfg = AppStore|iPhoneSimulator
		{943A7163-AB5C-4ADC-8DA6-77DCA1B7BAA2}.AppStore|iPhoneSimulator.Build.0 = AppStore|iPhoneSimulator
		{943A7163-AB5C-4ADC-8DA6-77DCA1B7BAA2}.Debug|Any CPU.ActiveCfg = Debug|iPhone
		{943A7163-AB5C-4ADC-8DA6-77DCA1B7BAA2}.Debug|iPhone.ActiveCfg = Debug|iPhone
		{943A7163-AB5C-4ADC-8DA6-77DCA1B7BAA2}.Debug|iPhone.Build.0 = Debug|iPhone
		{943A7163-AB5C-4ADC-8DA6-77DCA1B7BAA2}.Debug|iPhoneSimulator.ActiveCfg = Debug|iPhoneSimulator
		{943A7163-AB5C-4ADC-8DA6-77DCA1B7BAA2}.Debug|iPhoneSimulator.Build.0 = Debug|iPhoneSimulator
		{943A7163-AB5C-4ADC-8DA6-77DCA1B7BAA2}.Release|Any CPU.ActiveCfg = Release|iPhone
		{943A7163-AB5C-4ADC-8DA6-77DCA1B7BAA2}.Release|iPhone.ActiveCfg = Release|iPhone
		{943A7163-AB5C-4ADC-8DA6-77DCA1B7BAA2}.Release|iPhone.Build.0 = Release|iPhone
		{943A7163-AB5C-4ADC-8DA6-77DCA1B7BAA2}.Release|iPhoneSimulator.ActiveCfg = Release|iPhoneSimulator
		{943A7163-AB5C-4ADC-8DA6-77DCA1B7BAA2}.Release|iPhoneSimulator.Build.0 = Release|iPhoneSimulator
		{D8A10765-0CDD-44CC-915E-3B45A656CE11}.Ad-Hoc|Any CPU.ActiveCfg = Debug|Any CPU
		{D8A10765-0CDD-44CC-915E-3B45A656CE11}.Ad-Hoc|Any CPU.Build.0 = Debug|Any CPU
		{D8A10765-0CDD-44CC-915E-3B45A656CE11}.Ad-Hoc|iPhone.ActiveCfg = Debug|Any CPU
		{D8A10765-0CDD-44CC-915E-3B45A656CE11}.Ad-Hoc|iPhone.Build.0 = Debug|Any CPU
		{D8A10765-0CDD-44CC-915E-3B45A656CE11}.Ad-Hoc|iPhoneSimulator.ActiveCfg = Debug|Any CPU
		{D8A10765-0CDD-44CC-915E-3B45A656CE11}.Ad-Hoc|iPhoneSimulator.Build.0 = Debug|Any CPU
		{D8A10765-0CDD-44CC-915E-3B45A656CE11}.AppStore|Any CPU.ActiveCfg = Debug|Any CPU
		{D8A10765-0CDD-44CC-915E-3B45A656CE11}.AppStore|Any CPU.Build.0 = Debug|Any CPU
		{D8A10765-0CDD-44CC-915E-3B45A656CE11}.AppStore|iPhone.ActiveCfg = Debug|Any CPU
		{D8A10765-0CDD-44CC-915E-3B45A656CE11}.AppStore|iPhone.Build.0 = Debug|Any CPU
		{D8A10765-0CDD-44CC-915E-3B45A656CE11}.AppStore|iPhoneSimulator.ActiveCfg = Debug|Any CPU
		{D8A10765-0CDD-44CC-915E-3B45A656CE11}.AppStore|iPhoneSimulator.Build.0 = Debug|Any CPU
		{D8A10765-0CDD-44CC-915E-3B45A656CE11}.Debug|Any CPU.ActiveCfg = Debug|Any CPU
		{D8A10765-0CDD-44CC-915E-3B45A656CE11}.Debug|Any CPU.Build.0 = Debug|Any CPU
		{D8A10765-0CDD-44CC-915E-3B45A656CE11}.Debug|iPhone.ActiveCfg = Debug|Any CPU
		{D8A10765-0CDD-44CC-915E-3B45A656CE11}.Debug|iPhone.Build.0 = Debug|Any CPU
		{D8A10765-0CDD-44CC-915E-3B45A656CE11}.Debug|iPhoneSimulator.ActiveCfg = Debug|Any CPU
		{D8A10765-0CDD-44CC-915E-3B45A656CE11}.Debug|iPhoneSimulator.Build.0 = Debug|Any CPU
		{D8A10765-0CDD-44CC-915E-3B45A656CE11}.Release|Any CPU.ActiveCfg = Release|Any CPU
		{D8A10765-0CDD-44CC-915E-3B45A656CE11}.Release|Any CPU.Build.0 = Release|Any CPU
		{D8A10765-0CDD-44CC-915E-3B45A656CE11}.Release|iPhone.ActiveCfg = Release|Any CPU
		{D8A10765-0CDD-44CC-915E-3B45A656CE11}.Release|iPhone.Build.0 = Release|Any CPU
		{D8A10765-0CDD-44CC-915E-3B45A656CE11}.Release|iPhoneSimulator.ActiveCfg = Release|Any CPU
		{D8A10765-0CDD-44CC-915E-3B45A656CE11}.Release|iPhoneSimulator.Build.0 = Release|Any CPU
	EndGlobalSection
	GlobalSection(SolutionProperties) = preSolution
		HideSolutionNode = FALSE
	EndGlobalSection
	GlobalSection(ExtensibilityGlobals) = postSolution
		SolutionGuid = {FB1FBF6F-1450-4D9C-8D78-B02A21E84AE9}
	EndGlobalSection
EndGlobal
